
Microsoft Visual Studio Solution File, Format Version 12.00
# Visual Studio 2013
VisualStudioVersion = 12.0.0.0
MinimumVisualStudioVersion = 10.0.0.1
Project("{FAE04EC0-301F-11D3-BF4B-00C04F79EFBC}") = "CsharpCodeChallenge", "CsharpCodeChallenge.csproj", "{2106C4CE-D747-4135-8746-EA969493FBDC}"
EndProject
Global
	GlobalSection(SolutionConfigurationPlatforms) = preSolution
		Debug|Any CPU = Debug|Any CPU
		Release|Any CPU = Release|Any CPU
	EndGlobalSection
	GlobalSection(ProjectConfigurationPlatforms) = postSolution
		{2106C4CE-D747-4135-8746-EA969493FBDC}.Debug|Any CPU.ActiveCfg = Debug|Any CPU
		{2106C4CE-D747-4135-8746-EA969493FBDC}.Debug|Any CPU.Build.0 = Debug|Any CPU
		{2106C4CE-D747-4135-8746-EA969493FBDC}.Release|Any CPU.ActiveCfg = Release|Any CPU
		{2106C4CE-D747-4135-8746-EA969493FBDC}.Release|Any CPU.Build.0 = Release|Any CPU
	EndGlobalSection
	GlobalSection(SolutionProperties) = preSolution
		HideSolutionNode = FALSE
	EndGlobalSection
EndGlobal
